
Microsoft Visual Studio Solution File, Format Version 12.00
# Visual Studio Version 17
VisualStudioVersion = 17.4.33403.182
MinimumVisualStudioVersion = 10.0.40219.1
Project("{FAE04EC0-301F-11D3-BF4B-00C04F79EFBC}") = "RefOutTasks", "RefOutTasks\RefOutTasks.csproj", "{ECF1E4B9-562B-44CE-B4D8-D6F3D33AFD35}"
EndProject
Global
	GlobalSection(SolutionConfigurationPlatforms) = preSolution
		Debug|Any CPU = Debug|Any CPU
		Release|Any CPU = Release|Any CPU
	EndGlobalSection
	GlobalSection(ProjectConfigurationPlatforms) = postSolution
		{ECF1E4B9-562B-44CE-B4D8-D6F3D33AFD35}.Debug|Any CPU.ActiveCfg = Debug|Any CPU
		{ECF1E4B9-562B-44CE-B4D8-D6F3D33AFD35}.Debug|Any CPU.Build.0 = Debug|Any CPU
		{ECF1E4B9-562B-44CE-B4D8-D6F3D33AFD35}.Release|Any CPU.ActiveCfg = Release|Any CPU
		{ECF1E4B9-562B-44CE-B4D8-D6F3D33AFD35}.Release|Any CPU.Build.0 = Release|Any CPU
	EndGlobalSection
	GlobalSection(SolutionProperties) = preSolution
		HideSolutionNode = FALSE
	EndGlobalSection
	GlobalSection(ExtensibilityGlobals) = postSolution
		SolutionGuid = {52E0AA81-8D21-40B1-8EC1-FA389D801CAC}
	EndGlobalSection
EndGlobal
